// !$*UTF8*$!
{
	archiveVersion = 1;
	classes = {
	};
	objectVersion = 48;
	objects = {

/* Begin PBXBuildFile section */
		030DF62920703CAE00449B08 /* AppDelegate.swift in Sources */ = {isa = PBXBuildFile; fileRef = 030DF62820703CAE00449B08 /* AppDelegate.swift */; };
		030DF62B20703CAE00449B08 /* ViewController.swift in Sources */ = {isa = PBXBuildFile; fileRef = 030DF62A20703CAE00449B08 /* ViewController.swift */; };
		030DF62E20703CAE00449B08 /* Main.storyboard in Resources */ = {isa = PBXBuildFile; fileRef = 030DF62C20703CAE00449B08 /* Main.storyboard */; };
		030DF63020703CAE00449B08 /* Assets.xcassets in Resources */ = {isa = PBXBuildFile; fileRef = 030DF62F20703CAE00449B08 /* Assets.xcassets */; };
		030DF63320703CAE00449B08 /* LaunchScreen.storyboard in Resources */ = {isa = PBXBuildFile; fileRef = 030DF63120703CAE00449B08 /* LaunchScreen.storyboard */; };
		030DF63D207049A400449B08 /* BrowseViewController.swift in Sources */ = {isa = PBXBuildFile; fileRef = 030DF63C207049A400449B08 /* BrowseViewController.swift */; };
		03DC5FBE207FD07E00D76DED /* SetTitleCell.swift in Sources */ = {isa = PBXBuildFile; fileRef = 03DC5FBD207FD07E00D76DED /* SetTitleCell.swift */; };
		03DC5FC4207FE25E00D76DED /* CardSet.swift in Sources */ = {isa = PBXBuildFile; fileRef = 03DC5FC3207FE25E00D76DED /* CardSet.swift */; };
		03FFADD82082C99900F976B3 /* StudyCollectionViewCell.swift in Sources */ = {isa = PBXBuildFile; fileRef = 03FFADD72082C99900F976B3 /* StudyCollectionViewCell.swift */; };
		03FFADDA2082C9E100F976B3 /* StudyViewController.swift in Sources */ = {isa = PBXBuildFile; fileRef = 03FFADD92082C9E100F976B3 /* StudyViewController.swift */; };
/* End PBXBuildFile section */

/* Begin PBXFileReference section */
		030DF62520703CAE00449B08 /* SuperFlashcards.app */ = {isa = PBXFileReference; explicitFileType = wrapper.application; includeInIndex = 0; path = SuperFlashcards.app; sourceTree = BUILT_PRODUCTS_DIR; };
		030DF62820703CAE00449B08 /* AppDelegate.swift */ = {isa = PBXFileReference; lastKnownFileType = sourcecode.swift; path = AppDelegate.swift; sourceTree = "<group>"; };
		030DF62A20703CAE00449B08 /* ViewController.swift */ = {isa = PBXFileReference; lastKnownFileType = sourcecode.swift; path = ViewController.swift; sourceTree = "<group>"; };
		030DF62D20703CAE00449B08 /* Base */ = {isa = PBXFileReference; lastKnownFileType = file.storyboard; name = Base; path = Base.lproj/Main.storyboard; sourceTree = "<group>"; };
		030DF62F20703CAE00449B08 /* Assets.xcassets */ = {isa = PBXFileReference; lastKnownFileType = folder.assetcatalog; path = Assets.xcassets; sourceTree = "<group>"; };
		030DF63220703CAE00449B08 /* Base */ = {isa = PBXFileReference; lastKnownFileType = file.storyboard; name = Base; path = Base.lproj/LaunchScreen.storyboard; sourceTree = "<group>"; };
		030DF63420703CAE00449B08 /* Info.plist */ = {isa = PBXFileReference; lastKnownFileType = text.plist.xml; path = Info.plist; sourceTree = "<group>"; };
		030DF63C207049A400449B08 /* BrowseViewController.swift */ = {isa = PBXFileReference; lastKnownFileType = sourcecode.swift; path = BrowseViewController.swift; sourceTree = "<group>"; };
		03DC5FBD207FD07E00D76DED /* SetTitleCell.swift */ = {isa = PBXFileReference; lastKnownFileType = sourcecode.swift; path = SetTitleCell.swift; sourceTree = "<group>"; };
		03DC5FC3207FE25E00D76DED /* CardSet.swift */ = {isa = PBXFileReference; lastKnownFileType = sourcecode.swift; path = CardSet.swift; sourceTree = "<group>"; };
		03FFADD72082C99900F976B3 /* StudyCollectionViewCell.swift */ = {isa = PBXFileReference; lastKnownFileType = sourcecode.swift; path = StudyCollectionViewCell.swift; sourceTree = "<group>"; };
		03FFADD92082C9E100F976B3 /* StudyViewController.swift */ = {isa = PBXFileReference; lastKnownFileType = sourcecode.swift; path = StudyViewController.swift; sourceTree = "<group>"; };
/* End PBXFileReference section */

/* Begin PBXFrameworksBuildPhase section */
		030DF62220703CAD00449B08 /* Frameworks */ = {
			isa = PBXFrameworksBuildPhase;
			buildActionMask = 2147483647;
			files = (
			);
			runOnlyForDeploymentPostprocessing = 0;
		};
/* End PBXFrameworksBuildPhase section */

/* Begin PBXGroup section */
		030DF61C20703CAD00449B08 = {
			isa = PBXGroup;
			children = (
				030DF62720703CAE00449B08 /* SuperFlashcards */,
				030DF62620703CAE00449B08 /* Products */,
			);
			sourceTree = "<group>";
		};
		030DF62620703CAE00449B08 /* Products */ = {
			isa = PBXGroup;
			children = (
				030DF62520703CAE00449B08 /* SuperFlashcards.app */,
			);
			name = Products;
			sourceTree = "<group>";
		};
		030DF62720703CAE00449B08 /* SuperFlashcards */ = {
			isa = PBXGroup;
			children = (
				030DF63C207049A400449B08 /* BrowseViewController.swift */,
				03FFADD92082C9E100F976B3 /* StudyViewController.swift */,
				03DC5FC3207FE25E00D76DED /* CardSet.swift */,
				030DF62820703CAE00449B08 /* AppDelegate.swift */,
				030DF62A20703CAE00449B08 /* ViewController.swift */,
				030DF62C20703CAE00449B08 /* Main.storyboard */,
				03DC5FBD207FD07E00D76DED /* SetTitleCell.swift */,
				03FFADD72082C99900F976B3 /* StudyCollectionViewCell.swift */,
				030DF62F20703CAE00449B08 /* Assets.xcassets */,
				030DF63120703CAE00449B08 /* LaunchScreen.storyboard */,
				030DF63420703CAE00449B08 /* Info.plist */,
			);
			path = SuperFlashcards;
			sourceTree = "<group>";
		};
/* End PBXGroup section */

/* Begin PBXNativeTarget section */
		030DF62420703CAD00449B08 /* SuperFlashcards */ = {
			isa = PBXNativeTarget;
			buildConfigurationList = 030DF63720703CAE00449B08 /* Build configuration list for PBXNativeTarget "SuperFlashcards" */;
			buildPhases = (
				030DF62120703CAD00449B08 /* Sources */,
				030DF62220703CAD00449B08 /* Frameworks */,
				030DF62320703CAD00449B08 /* Resources */,
			);
			buildRules = (
			);
			dependencies = (
			);
			name = SuperFlashcards;
			productName = SuperFlashcards;
			productReference = 030DF62520703CAE00449B08 /* SuperFlashcards.app */;
			productType = "com.apple.product-type.application";
		};
/* End PBXNativeTarget section */

/* Begin PBXProject section */
		030DF61D20703CAD00449B08 /* Project object */ = {
			isa = PBXProject;
			attributes = {
				LastSwiftUpdateCheck = 0920;
				LastUpgradeCheck = 0920;
				ORGANIZATIONNAME = "Joshua Manuel";
				TargetAttributes = {
					030DF62420703CAD00449B08 = {
						CreatedOnToolsVersion = 9.2;
						ProvisioningStyle = Automatic;
					};
				};
			};
			buildConfigurationList = 030DF62020703CAD00449B08 /* Build configuration list for PBXProject "SuperFlashcards" */;
			compatibilityVersion = "Xcode 8.0";
			developmentRegion = en;
			hasScannedForEncodings = 0;
			knownRegions = (
				en,
				Base,
			);
			mainGroup = 030DF61C20703CAD00449B08;
			productRefGroup = 030DF62620703CAE00449B08 /* Products */;
			projectDirPath = "";
			projectRoot = "";
			targets = (
				030DF62420703CAD00449B08 /* SuperFlashcards */,
			);
		};
/* End PBXProject section */

/* Begin PBXResourcesBuildPhase section */
		030DF62320703CAD00449B08 /* Resources */ = {
			isa = PBXResourcesBuildPhase;
			buildActionMask = 2147483647;
			files = (
				030DF63320703CAE00449B08 /* LaunchScreen.storyboard in Resources */,
				030DF63020703CAE00449B08 /* Assets.xcassets in Resources */,
				030DF62E20703CAE00449B08 /* Main.storyboard in Resources */,
			);
			runOnlyForDeploymentPostprocessing = 0;
		};
/* End PBXResourcesBuildPhase section */

/* Begin PBXSourcesBuildPhase section */
		030DF62120703CAD00449B08 /* Sources */ = {
			isa = PBXSourcesBuildPhase;
			buildActionMask = 2147483647;
			files = (
				030DF63D207049A400449B08 /* BrowseViewController.swift in Sources */,
				030DF62B20703CAE00449B08 /* ViewController.swift in Sources */,
				03FFADDA2082C9E100F976B3 /* StudyViewController.swift in Sources */,
				030DF62920703CAE00449B08 /* AppDelegate.swift in Sources */,
				03DC5FC4207FE25E00D76DED /* CardSet.swift in Sources */,
				03FFADD82082C99900F976B3 /* StudyCollectionViewCell.swift in Sources */,
				03DC5FBE207FD07E00D76DED /* SetTitleCell.swift in Sources */,
			);
			runOnlyForDeploymentPostprocessing = 0;
		};
/* End PBXSourcesBuildPhase section */

/* Begin PBXVariantGroup section */
		030DF62C20703CAE00449B08 /* Main.storyboard */ = {
			isa = PBXVariantGroup;
			children = (
				030DF62D20703CAE00449B08 /* Base */,
			);
			name = Main.storyboard;
			sourceTree = "<group>";
		};
		030DF63120703CAE00449B08 /* LaunchScreen.storyboard */ = {
			isa = PBXVariantGroup;
			children = (
				030DF63220703CAE00449B08 /* Base */,
			);
			name = LaunchScreen.storyboard;
			sourceTree = "<group>";
		};
/* End PBXVariantGroup section */

/* Begin XCBuildConfiguration section */
		030DF63520703CAE00449B08 /* Debug */ = {
			isa = XCBuildConfiguration;
			buildSettings = {
				ALWAYS_SEARCH_USER_PATHS = NO;
				CLANG_ANALYZER_NONNULL = YES;
				CLANG_ANALYZER_NUMBER_OBJECT_CONVERSION = YES_AGGRESSIVE;
				CLANG_CXX_LANGUAGE_STANDARD = "gnu++14";
				CLANG_CXX_LIBRARY = "libc++";
				CLANG_ENABLE_MODULES = YES;
				CLANG_ENABLE_OBJC_ARC = YES;
				CLANG_WARN_BLOCK_CAPTURE_AUTORELEASING = YES;
				CLANG_WARN_BOOL_CONVERSION = YES;
				CLANG_WARN_COMMA = YES;
				CLANG_WARN_CONSTANT_CONVERSION = YES;
				CLANG_WARN_DIRECT_OBJC_ISA_USAGE = YES_ERROR;
				CLANG_WARN_DOCUMENTATION_COMMENTS = YES;
				CLANG_WARN_EMPTY_BODY = YES;
				CLANG_WARN_ENUM_CONVERSION = YES;
				CLANG_WARN_INFINITE_RECURSION = YES;
				CLANG_WARN_INT_CONVERSION = YES;
				CLANG_WARN_NON_LITERAL_NULL_CONVERSION = YES;
				CLANG_WARN_OBJC_LITERAL_CONVERSION = YES;
				CLANG_WARN_OBJC_ROOT_CLASS = YES_ERROR;
				CLANG_WARN_RANGE_LOOP_ANALYSIS = YES;
				CLANG_WARN_STRICT_PROTOTYPES = YES;
				CLANG_WARN_SUSPICIOUS_MOVE = YES;
				CLANG_WARN_UNGUARDED_AVAILABILITY = YES_AGGRESSIVE;
				CLANG_WARN_UNREACHABLE_CODE = YES;
				CLANG_WARN__DUPLICATE_METHOD_MATCH = YES;
				CODE_SIGN_IDENTITY = "iPhone Developer";
				COPY_PHASE_STRIP = NO;
				DEBUG_INFORMATION_FORMAT = dwarf;
				ENABLE_STRICT_OBJC_MSGSEND = YES;
				ENABLE_TESTABILITY = YES;
				GCC_C_LANGUAGE_STANDARD = gnu11;
				GCC_DYNAMIC_NO_PIC = NO;
				GCC_NO_COMMON_BLOCKS = YES;
				GCC_OPTIMIZATION_LEVEL = 0;
				GCC_PREPROCESSOR_DEFINITIONS = (
					"DEBUG=1",
					"$(inherited)",
				);
				GCC_WARN_64_TO_32_BIT_CONVERSION = YES;
				GCC_WARN_ABOUT_RETURN_TYPE = YES_ERROR;
				GCC_WARN_UNDECLARED_SELECTOR = YES;
				GCC_WARN_UNINITIALIZED_AUTOS = YES_AGGRESSIVE;
				GCC_WARN_UNUSED_FUNCTION = YES;
				GCC_WARN_UNUSED_VARIABLE = YES;
				IPHONEOS_DEPLOYMENT_TARGET = 11.2;
				MTL_ENABLE_DEBUG_INFO = YES;
				ONLY_ACTIVE_ARCH = YES;
				SDKROOT = iphoneos;
				SWIFT_ACTIVE_COMPILATION_CONDITIONS = DEBUG;
				SWIFT_OPTIMIZATION_LEVEL = "-Onone";
			};
			name = Debug;
		};
		030DF63620703CAE00449B08 /* Release */ = {
			isa = XCBuildConfiguration;
			buildSettings = {
				ALWAYS_SEARCH_USER_PATHS = NO;
				CLANG_ANALYZER_NONNULL = YES;
				CLANG_ANALYZER_NUMBER_OBJECT_CONVERSION = YES_AGGRESSIVE;
				CLANG_CXX_LANGUAGE_STANDARD = "gnu++14";
				CLANG_CXX_LIBRARY = "libc++";
				CLANG_ENABLE_MODULES = YES;
				CLANG_ENABLE_OBJC_ARC = YES;
				CLANG_WARN_BLOCK_CAPTURE_AUTORELEASING = YES;
				CLANG_WARN_BOOL_CONVERSION = YES;
				CLANG_WARN_COMMA = YES;
				CLANG_WARN_CONSTANT_CONVERSION = YES;
				CLANG_WARN_DIRECT_OBJC_ISA_USAGE = YES_ERROR;
				CLANG_WARN_DOCUMENTATION_COMMENTS = YES;
				CLANG_WARN_EMPTY_BODY = YES;
				CLANG_WARN_ENUM_CONVERSION = YES;
				CLANG_WARN_INFINITE_RECURSION = YES;
				CLANG_WARN_INT_CONVERSION = YES;
				CLANG_WARN_NON_LITERAL_NULL_CONVERSION = YES;
				CLANG_WARN_OBJC_LITERAL_CONVERSION = YES;
				CLANG_WARN_OBJC_ROOT_CLASS = YES_ERROR;
				CLANG_WARN_RANGE_LOOP_ANALYSIS = YES;
				CLANG_WARN_STRICT_PROTOTYPES = YES;
				CLANG_WARN_SUSPICIOUS_MOVE = YES;
				CLANG_WARN_UNGUARDED_AVAILABILITY = YES_AGGRESSIVE;
				CLANG_WARN_UNREACHABLE_CODE = YES;
				CLANG_WARN__DUPLICATE_METHOD_MATCH = YES;
				CODE_SIGN_IDENTITY = "iPhone Developer";
				COPY_PHASE_STRIP = NO;
				DEBUG_INFORMATION_FORMAT = "dwarf-with-dsym";
				ENABLE_NS_ASSERTIONS = NO;
				ENABLE_STRICT_OBJC_MSGSEND = YES;
				GCC_C_LANGUAGE_STANDARD = gnu11;
				GCC_NO_COMMON_BLOCKS = YES;
				GCC_WARN_64_TO_32_BIT_CONVERSION = YES;
				GCC_WARN_ABOUT_RETURN_TYPE = YES_ERROR;
				GCC_WARN_UNDECLARED_SELECTOR = YES;
				GCC_WARN_UNINITIALIZED_AUTOS = YES_AGGRESSIVE;
				GCC_WARN_UNUSED_FUNCTION = YES;
				GCC_WARN_UNUSED_VARIABLE = YES;
				IPHONEOS_DEPLOYMENT_TARGET = 11.2;
				MTL_ENABLE_DEBUG_INFO = NO;
				SDKROOT = iphoneos;
				SWIFT_OPTIMIZATION_LEVEL = "-Owholemodule";
				VALIDATE_PRODUCT = YES;
			};
			name = Release;
		};
		030DF63820703CAE00449B08 /* Debug */ = {
			isa = XCBuildConfiguration;
			buildSettings = {
				ASSETCATALOG_COMPILER_APPICON_NAME = AppIcon;
				CODE_SIGN_STYLE = Automatic;
				INFOPLIST_FILE = SuperFlashcards/Info.plist;
				LD_RUNPATH_SEARCH_PATHS = "$(inherited) @executable_path/Frameworks";
				PRODUCT_BUNDLE_IDENTIFIER = com.joshuamanuel.SuperFlashcards;
				PRODUCT_NAME = "$(TARGET_NAME)";
				SWIFT_VERSION = 4.0;
				TARGETED_DEVICE_FAMILY = "1,2";
			};
			name = Debug;
		};
		030DF63920703CAE00449B08 /* Release */ = {
			isa = XCBuildConfiguration;
			buildSettings = {
				ASSETCATALOG_COMPILER_APPICON_NAME = AppIcon;
				CODE_SIGN_STYLE = Automatic;
				INFOPLIST_FILE = SuperFlashcards/Info.plist;
				LD_RUNPATH_SEARCH_PATHS = "$(inherited) @executable_path/Frameworks";
				PRODUCT_BUNDLE_IDENTIFIER = com.joshuamanuel.SuperFlashcards;
				PRODUCT_NAME = "$(TARGET_NAME)";
				SWIFT_VERSION = 4.0;
				TARGETED_DEVICE_FAMILY = "1,2";
			};
			name = Release;
		};
/* End XCBuildConfiguration section */

/* Begin XCConfigurationList section */
		030DF62020703CAD00449B08 /* Build configuration list for PBXProject "SuperFlashcards" */ = {
			isa = XCConfigurationList;
			buildConfigurations = (
				030DF63520703CAE00449B08 /* Debug */,
				030DF63620703CAE00449B08 /* Release */,
			);
			defaultConfigurationIsVisible = 0;
			defaultConfigurationName = Release;
		};
		030DF63720703CAE00449B08 /* Build configuration list for PBXNativeTarget "SuperFlashcards" */ = {
			isa = XCConfigurationList;
			buildConfigurations = (
				030DF63820703CAE00449B08 /* Debug */,
				030DF63920703CAE00449B08 /* Release */,
			);
			defaultConfigurationIsVisible = 0;
			defaultConfigurationName = Release;
		};
/* End XCConfigurationList section */
	};
	rootObject = 030DF61D20703CAD00449B08 /* Project object */;
}
